
Microsoft Visual Studio Solution File, Format Version 12.00
# Visual Studio Version 16
VisualStudioVersion = 16.0.30320.27
MinimumVisualStudioVersion = 10.0.40219.1
Project("{9A19103F-16F7-4668-BE54-9A1E7A4F7556}") = "EasyTalents", "EasyTalents\EasyTalents.csproj", "{98BEC600-A9A3-4A64-92FC-EFB350EA4D86}"
EndProject
Project("{FAE04EC0-301F-11D3-BF4B-00C04F79EFBC}") = "UnitTest", "UnitTest\UnitTest.csproj", "{D568F563-31AE-4C68-80D9-596C1A12AA1B}"
EndProject
Global
	GlobalSection(SolutionConfigurationPlatforms) = preSolution
		Debug|Any CPU = Debug|Any CPU
		Release|Any CPU = Release|Any CPU
	EndGlobalSection
	GlobalSection(ProjectConfigurationPlatforms) = postSolution
		{98BEC600-A9A3-4A64-92FC-EFB350EA4D86}.Debug|Any CPU.ActiveCfg = Debug|Any CPU
		{98BEC600-A9A3-4A64-92FC-EFB350EA4D86}.Debug|Any CPU.Build.0 = Debug|Any CPU
		{98BEC600-A9A3-4A64-92FC-EFB350EA4D86}.Release|Any CPU.ActiveCfg = Release|Any CPU
		{98BEC600-A9A3-4A64-92FC-EFB350EA4D86}.Release|Any CPU.Build.0 = Release|Any CPU
		{D568F563-31AE-4C68-80D9-596C1A12AA1B}.Debug|Any CPU.ActiveCfg = Debug|Any CPU
		{D568F563-31AE-4C68-80D9-596C1A12AA1B}.Debug|Any CPU.Build.0 = Debug|Any CPU
		{D568F563-31AE-4C68-80D9-596C1A12AA1B}.Release|Any CPU.ActiveCfg = Release|Any CPU
		{D568F563-31AE-4C68-80D9-596C1A12AA1B}.Release|Any CPU.Build.0 = Release|Any CPU
	EndGlobalSection
	GlobalSection(SolutionProperties) = preSolution
		HideSolutionNode = FALSE
	EndGlobalSection
	GlobalSection(ExtensibilityGlobals) = postSolution
		SolutionGuid = {3C567BDF-9F42-427F-A0A5-9EBE99CD62EA}
	EndGlobalSection
EndGlobal
